
Microsoft Visual Studio Solution File, Format Version 12.00
# Visual Studio Version 16
VisualStudioVersion = 16.0.31402.337
MinimumVisualStudioVersion = 10.0.40219.1
Project("{FAE04EC0-301F-11D3-BF4B-00C04F79EFBC}") = "Module_8.SKP", "Module_8.SKP.csproj", "{B86D5ADB-4BBB-4ED2-92E6-9284C6181B97}"
EndProject
Global
	GlobalSection(SolutionConfigurationPlatforms) = preSolution
		Debug|Any CPU = Debug|Any CPU
		Release|Any CPU = Release|Any CPU
	EndGlobalSection
	GlobalSection(ProjectConfigurationPlatforms) = postSolution
		{B86D5ADB-4BBB-4ED2-92E6-9284C6181B97}.Debug|Any CPU.ActiveCfg = Debug|Any CPU
		{B86D5ADB-4BBB-4ED2-92E6-9284C6181B97}.Debug|Any CPU.Build.0 = Debug|Any CPU
		{B86D5ADB-4BBB-4ED2-92E6-9284C6181B97}.Release|Any CPU.ActiveCfg = Release|Any CPU
		{B86D5ADB-4BBB-4ED2-92E6-9284C6181B97}.Release|Any CPU.Build.0 = Release|Any CPU
	EndGlobalSection
	GlobalSection(SolutionProperties) = preSolution
		HideSolutionNode = FALSE
	EndGlobalSection
	GlobalSection(ExtensibilityGlobals) = postSolution
		SolutionGuid = {620D9B7D-A620-4535-8E15-C33A7A175831}
	EndGlobalSection
EndGlobal
